// !$*UTF8*$!
{
	archiveVersion = 1;
	classes = {
	};
	objectVersion = 77;
	objects = {

/* Begin PBXBuildFile section */
		DC115BF82F442B9600EEC6BC /* GoogleSignIn in Frameworks */ = {isa = PBXBuildFile; productRef = DC115BF72F442B9600EEC6BC /* GoogleSignIn */; };
		DC115BFA2F442B9600EEC6BC /* GoogleSignInSwift in Frameworks */ = {isa = PBXBuildFile; productRef = DC115BF92F442B9600EEC6BC /* GoogleSignInSwift */; };
		DC8185EA2F3D8D4D00A5CA6E /* FirebaseAI in Frameworks */ = {isa = PBXBuildFile; productRef = DC8185E92F3D8D4D00A5CA6E /* FirebaseAI */; };
		DC8185EC2F3D8D4D00A5CA6E /* FirebaseAILogic in Frameworks */ = {isa = PBXBuildFile; productRef = DC8185EB2F3D8D4D00A5CA6E /* FirebaseAILogic */; };
		DC8185EE2F3D8D4D00A5CA6E /* FirebaseAnalytics in Frameworks */ = {isa = PBXBuildFile; productRef = DC8185ED2F3D8D4D00A5CA6E /* FirebaseAnalytics */; };
		DC8185F02F3D8D4D00A5CA6E /* FirebaseAnalyticsCore in Frameworks */ = {isa = PBXBuildFile; productRef = DC8185EF2F3D8D4D00A5CA6E /* FirebaseAnalyticsCore */; };
		DC8185F22F3D8D4D00A5CA6E /* FirebaseAnalyticsIdentitySupport in Frameworks */ = {isa = PBXBuildFile; productRef = DC8185F12F3D8D4D00A5CA6E /* FirebaseAnalyticsIdentitySupport */; };
		DC8185F42F3D8D4D00A5CA6E /* FirebaseAppCheck in Frameworks */ = {isa = PBXBuildFile; productRef = DC8185F32F3D8D4D00A5CA6E /* FirebaseAppCheck */; };
		DC8185F62F3D8D4D00A5CA6E /* FirebaseAppDistribution-Beta in Frameworks */ = {isa = PBXBuildFile; productRef = DC8185F52F3D8D4D00A5CA6E /* FirebaseAppDistribution-Beta */; };
		DC8185F82F3D8D4D00A5CA6E /* FirebaseAuth in Frameworks */ = {isa = PBXBuildFile; productRef = DC8185F72F3D8D4D00A5CA6E /* FirebaseAuth */; };
		DC8185FA2F3D8D4D00A5CA6E /* FirebaseAuthCombine-Community in Frameworks */ = {isa = PBXBuildFile; productRef = DC8185F92F3D8D4D00A5CA6E /* FirebaseAuthCombine-Community */; };
		DC8185FC2F3D8D4D00A5CA6E /* FirebaseCore in Frameworks */ = {isa = PBXBuildFile; productRef = DC8185FB2F3D8D4D00A5CA6E /* FirebaseCore */; };
		DC8185FE2F3D8D4D00A5CA6E /* FirebaseCrashlytics in Frameworks */ = {isa = PBXBuildFile; productRef = DC8185FD2F3D8D4D00A5CA6E /* FirebaseCrashlytics */; };
		DC8186002F3D8D4D00A5CA6E /* FirebaseDatabase in Frameworks */ = {isa = PBXBuildFile; productRef = DC8185FF2F3D8D4D00A5CA6E /* FirebaseDatabase */; };
		DC8186022F3D8D4D00A5CA6E /* FirebaseFirestore in Frameworks */ = {isa = PBXBuildFile; productRef = DC8186012F3D8D4D00A5CA6E /* FirebaseFirestore */; };
		DC8186042F3D8D4D00A5CA6E /* FirebaseFirestoreCombine-Community in Frameworks */ = {isa = PBXBuildFile; productRef = DC8186032F3D8D4D00A5CA6E /* FirebaseFirestoreCombine-Community */; };
		DC8186062F3D8D4D00A5CA6E /* FirebaseFunctions in Frameworks */ = {isa = PBXBuildFile; productRef = DC8186052F3D8D4D00A5CA6E /* FirebaseFunctions */; };
		DC8186082F3D8D4D00A5CA6E /* FirebaseFunctionsCombine-Community in Frameworks */ = {isa = PBXBuildFile; productRef = DC8186072F3D8D4D00A5CA6E /* FirebaseFunctionsCombine-Community */; };
		DC81860A2F3D8D4D00A5CA6E /* FirebaseInAppMessaging-Beta in Frameworks */ = {isa = PBXBuildFile; productRef = DC8186092F3D8D4D00A5CA6E /* FirebaseInAppMessaging-Beta */; };
		DC81860C2F3D8D4D00A5CA6E /* FirebaseInstallations in Frameworks */ = {isa = PBXBuildFile; productRef = DC81860B2F3D8D4D00A5CA6E /* FirebaseInstallations */; };
		DC81860E2F3D8D4D00A5CA6E /* FirebaseMLModelDownloader in Frameworks */ = {isa = PBXBuildFile; productRef = DC81860D2F3D8D4D00A5CA6E /* FirebaseMLModelDownloader */; };
		DC8186102F3D8D4D00A5CA6E /* FirebaseMessaging in Frameworks */ = {isa = PBXBuildFile; productRef = DC81860F2F3D8D4D00A5CA6E /* FirebaseMessaging */; };
		DC8186122F3D8D4D00A5CA6E /* FirebasePerformance in Frameworks */ = {isa = PBXBuildFile; productRef = DC8186112F3D8D4D00A5CA6E /* FirebasePerformance */; };
		DC8186142F3D8D4D00A5CA6E /* FirebaseRemoteConfig in Frameworks */ = {isa = PBXBuildFile; productRef = DC8186132F3D8D4D00A5CA6E /* FirebaseRemoteConfig */; };
		DC8186162F3D8D4D00A5CA6E /* FirebaseStorage in Frameworks */ = {isa = PBXBuildFile; productRef = DC8186152F3D8D4D00A5CA6E /* FirebaseStorage */; };
		DC8186182F3D8D4D00A5CA6E /* FirebaseStorageCombine-Community in Frameworks */ = {isa = PBXBuildFile; productRef = DC8186172F3D8D4D00A5CA6E /* FirebaseStorageCombine-Community */; };
		DC81861A2F3D94CC00A5CA6E /* GoogleService-Info.plist in Resources */ = {isa = PBXBuildFile; fileRef = DC8186192F3D94CC00A5CA6E /* GoogleService-Info.plist */; };
/* End PBXBuildFile section */

/* Begin PBXContainerItemProxy section */
		DC95A6452F35A70900FC80D6 /* PBXContainerItemProxy */ = {
			isa = PBXContainerItemProxy;
			containerPortal = DC95A62A2F35A70600FC80D6 /* Project object */;
			proxyType = 1;
			remoteGlobalIDString = DC95A6312F35A70600FC80D6;
			remoteInfo = EasyMeal;
		};
		DC95A64F2F35A70900FC80D6 /* PBXContainerItemProxy */ = {
			isa = PBXContainerItemProxy;
			containerPortal = DC95A62A2F35A70600FC80D6 /* Project object */;
			proxyType = 1;
			remoteGlobalIDString = DC95A6312F35A70600FC80D6;
			remoteInfo = EasyMeal;
		};
/* End PBXContainerItemProxy section */

/* Begin PBXFileReference section */
		DC8186192F3D94CC00A5CA6E /* GoogleService-Info.plist */ = {isa = PBXFileReference; lastKnownFileType = text.plist.xml; path = "GoogleService-Info.plist"; sourceTree = "<group>"; };
		DC95A6322F35A70600FC80D6 /* EasyMeal.app */ = {isa = PBXFileReference; explicitFileType = wrapper.application; includeInIndex = 0; path = EasyMeal.app; sourceTree = BUILT_PRODUCTS_DIR; };
		DC95A6442F35A70900FC80D6 /* EasyMealTests.xctest */ = {isa = PBXFileReference; explicitFileType = wrapper.cfbundle; includeInIndex = 0; path = EasyMealTests.xctest; sourceTree = BUILT_PRODUCTS_DIR; };
		DC95A64E2F35A70900FC80D6 /* EasyMealUITests.xctest */ = {isa = PBXFileReference; explicitFileType = wrapper.cfbundle; includeInIndex = 0; path = EasyMealUITests.xctest; sourceTree = BUILT_PRODUCTS_DIR; };
/* End PBXFileReference section */

/* Begin PBXFileSystemSynchronizedRootGroup section */
		DC95A6342F35A70600FC80D6 /* EasyMeal */ = {
			isa = PBXFileSystemSynchronizedRootGroup;
			path = EasyMeal;
			sourceTree = "<group>";
		};
		DC95A6472F35A70900FC80D6 /* EasyMealTests */ = {
			isa = PBXFileSystemSynchronizedRootGroup;
			path = EasyMealTests;
			sourceTree = "<group>";
		};
		DC95A6512F35A70900FC80D6 /* EasyMealUITests */ = {
			isa = PBXFileSystemSynchronizedRootGroup;
			path = EasyMealUITests;
			sourceTree = "<group>";
		};
/* End PBXFileSystemSynchronizedRootGroup section */

/* Begin PBXFrameworksBuildPhase section */
		DC95A62F2F35A70600FC80D6 /* Frameworks */ = {
			isa = PBXFrameworksBuildPhase;
			buildActionMask = 2147483647;
			files = (
				DC8185F62F3D8D4D00A5CA6E /* FirebaseAppDistribution-Beta in Frameworks */,
				DC8186022F3D8D4D00A5CA6E /* FirebaseFirestore in Frameworks */,
				DC8185FA2F3D8D4D00A5CA6E /* FirebaseAuthCombine-Community in Frameworks */,
				DC81860C2F3D8D4D00A5CA6E /* FirebaseInstallations in Frameworks */,
				DC8185EC2F3D8D4D00A5CA6E /* FirebaseAILogic in Frameworks */,
				DC115BFA2F442B9600EEC6BC /* GoogleSignInSwift in Frameworks */,
				DC8185F22F3D8D4D00A5CA6E /* FirebaseAnalyticsIdentitySupport in Frameworks */,
				DC81860A2F3D8D4D00A5CA6E /* FirebaseInAppMessaging-Beta in Frameworks */,
				DC8185EA2F3D8D4D00A5CA6E /* FirebaseAI in Frameworks */,
				DC8185FE2F3D8D4D00A5CA6E /* FirebaseCrashlytics in Frameworks */,
				DC8186082F3D8D4D00A5CA6E /* FirebaseFunctionsCombine-Community in Frameworks */,
				DC8186182F3D8D4D00A5CA6E /* FirebaseStorageCombine-Community in Frameworks */,
				DC8186002F3D8D4D00A5CA6E /* FirebaseDatabase in Frameworks */,
				DC8186162F3D8D4D00A5CA6E /* FirebaseStorage in Frameworks */,
				DC8186142F3D8D4D00A5CA6E /* FirebaseRemoteConfig in Frameworks */,
				DC8185EE2F3D8D4D00A5CA6E /* FirebaseAnalytics in Frameworks */,
				DC115BF82F442B9600EEC6BC /* GoogleSignIn in Frameworks */,
				DC8186102F3D8D4D00A5CA6E /* FirebaseMessaging in Frameworks */,
				DC81860E2F3D8D4D00A5CA6E /* FirebaseMLModelDownloader in Frameworks */,
				DC8186122F3D8D4D00A5CA6E /* FirebasePerformance in Frameworks */,
				DC8185FC2F3D8D4D00A5CA6E /* FirebaseCore in Frameworks */,
				DC8185F42F3D8D4D00A5CA6E /* FirebaseAppCheck in Frameworks */,
				DC8185F02F3D8D4D00A5CA6E /* FirebaseAnalyticsCore in Frameworks */,
				DC8186062F3D8D4D00A5CA6E /* FirebaseFunctions in Frameworks */,
				DC8185F82F3D8D4D00A5CA6E /* FirebaseAuth in Frameworks */,
				DC8186042F3D8D4D00A5CA6E /* FirebaseFirestoreCombine-Community in Frameworks */,
			);
			runOnlyForDeploymentPostprocessing = 0;
		};
		DC95A6412F35A70900FC80D6 /* Frameworks */ = {
			isa = PBXFrameworksBuildPhase;
			buildActionMask = 2147483647;
			files = (
			);
			runOnlyForDeploymentPostprocessing = 0;
		};
		DC95A64B2F35A70900FC80D6 /* Frameworks */ = {
			isa = PBXFrameworksBuildPhase;
			buildActionMask = 2147483647;
			files = (
			);
			runOnlyForDeploymentPostprocessing = 0;
		};
/* End PBXFrameworksBuildPhase section */

/* Begin PBXGroup section */
		DC95A6292F35A70600FC80D6 = {
			isa = PBXGroup;
			children = (
				DC8186192F3D94CC00A5CA6E /* GoogleService-Info.plist */,
				DC95A6342F35A70600FC80D6 /* EasyMeal */,
				DC95A6472F35A70900FC80D6 /* EasyMealTests */,
				DC95A6512F35A70900FC80D6 /* EasyMealUITests */,
				DC95A6332F35A70600FC80D6 /* Products */,
			);
			sourceTree = "<group>";
		};
		DC95A6332F35A70600FC80D6 /* Products */ = {
			isa = PBXGroup;
			children = (
				DC95A6322F35A70600FC80D6 /* EasyMeal.app */,
				DC95A6442F35A70900FC80D6 /* EasyMealTests.xctest */,
				DC95A64E2F35A70900FC80D6 /* EasyMealUITests.xctest */,
			);
			name = Products;
			sourceTree = "<group>";
		};
/* End PBXGroup section */

/* Begin PBXNativeTarget section */
		DC95A6312F35A70600FC80D6 /* EasyMeal */ = {
			isa = PBXNativeTarget;
			buildConfigurationList = DC95A6582F35A70900FC80D6 /* Build configuration list for PBXNativeTarget "EasyMeal" */;
			buildPhases = (
				DC95A62E2F35A70600FC80D6 /* Sources */,
				DC95A62F2F35A70600FC80D6 /* Frameworks */,
				DC95A6302F35A70600FC80D6 /* Resources */,
			);
			buildRules = (
			);
			dependencies = (
			);
			fileSystemSynchronizedGroups = (
				DC95A6342F35A70600FC80D6 /* EasyMeal */,
			);
			name = EasyMeal;
			packageProductDependencies = (
				DC8185E92F3D8D4D00A5CA6E /* FirebaseAI */,
				DC8185EB2F3D8D4D00A5CA6E /* FirebaseAILogic */,
				DC8185ED2F3D8D4D00A5CA6E /* FirebaseAnalytics */,
				DC8185EF2F3D8D4D00A5CA6E /* FirebaseAnalyticsCore */,
				DC8185F12F3D8D4D00A5CA6E /* FirebaseAnalyticsIdentitySupport */,
				DC8185F32F3D8D4D00A5CA6E /* FirebaseAppCheck */,
				DC8185F52F3D8D4D00A5CA6E /* FirebaseAppDistribution-Beta */,
				DC8185F72F3D8D4D00A5CA6E /* FirebaseAuth */,
				DC8185F92F3D8D4D00A5CA6E /* FirebaseAuthCombine-Community */,
				DC8185FB2F3D8D4D00A5CA6E /* FirebaseCore */,
				DC8185FD2F3D8D4D00A5CA6E /* FirebaseCrashlytics */,
				DC8185FF2F3D8D4D00A5CA6E /* FirebaseDatabase */,
				DC8186012F3D8D4D00A5CA6E /* FirebaseFirestore */,
				DC8186032F3D8D4D00A5CA6E /* FirebaseFirestoreCombine-Community */,
				DC8186052F3D8D4D00A5CA6E /* FirebaseFunctions */,
				DC8186072F3D8D4D00A5CA6E /* FirebaseFunctionsCombine-Community */,
				DC8186092F3D8D4D00A5CA6E /* FirebaseInAppMessaging-Beta */,
				DC81860B2F3D8D4D00A5CA6E /* FirebaseInstallations */,
				DC81860D2F3D8D4D00A5CA6E /* FirebaseMLModelDownloader */,
				DC81860F2F3D8D4D00A5CA6E /* FirebaseMessaging */,
				DC8186112F3D8D4D00A5CA6E /* FirebasePerformance */,
				DC8186132F3D8D4D00A5CA6E /* FirebaseRemoteConfig */,
				DC8186152F3D8D4D00A5CA6E /* FirebaseStorage */,
				DC8186172F3D8D4D00A5CA6E /* FirebaseStorageCombine-Community */,
				DC115BF72F442B9600EEC6BC /* GoogleSignIn */,
				DC115BF92F442B9600EEC6BC /* GoogleSignInSwift */,
			);
			productName = EasyMeal;
			productReference = DC95A6322F35A70600FC80D6 /* EasyMeal.app */;
			productType = "com.apple.product-type.application";
		};
		DC95A6432F35A70900FC80D6 /* EasyMealTests */ = {
			isa = PBXNativeTarget;
			buildConfigurationList = DC95A65B2F35A70900FC80D6 /* Build configuration list for PBXNativeTarget "EasyMealTests" */;
			buildPhases = (
				DC95A6402F35A70900FC80D6 /* Sources */,
				DC95A6412F35A70900FC80D6 /* Frameworks */,
				DC95A6422F35A70900FC80D6 /* Resources */,
			);
			buildRules = (
			);
			dependencies = (
				DC95A6462F35A70900FC80D6 /* PBXTargetDependency */,
			);
			fileSystemSynchronizedGroups = (
				DC95A6472F35A70900FC80D6 /* EasyMealTests */,
			);
			name = EasyMealTests;
			packageProductDependencies = (
			);
			productName = EasyMealTests;
			productReference = DC95A6442F35A70900FC80D6 /* EasyMealTests.xctest */;
			productType = "com.apple.product-type.bundle.unit-test";
		};
		DC95A64D2F35A70900FC80D6 /* EasyMealUITests */ = {
			isa = PBXNativeTarget;
			buildConfigurationList = DC95A65E2F35A70900FC80D6 /* Build configuration list for PBXNativeTarget "EasyMealUITests" */;
			buildPhases = (
				DC95A64A2F35A70900FC80D6 /* Sources */,
				DC95A64B2F35A70900FC80D6 /* Frameworks */,
				DC95A64C2F35A70900FC80D6 /* Resources */,
			);
			buildRules = (
			);
			dependencies = (
				DC95A6502F35A70900FC80D6 /* PBXTargetDependency */,
			);
			fileSystemSynchronizedGroups = (
				DC95A6512F35A70900FC80D6 /* EasyMealUITests */,
			);
			name = EasyMealUITests;
			packageProductDependencies = (
			);
			productName = EasyMealUITests;
			productReference = DC95A64E2F35A70900FC80D6 /* EasyMealUITests.xctest */;
			productType = "com.apple.product-type.bundle.ui-testing";
		};
/* End PBXNativeTarget section */

/* Begin PBXProject section */
		DC95A62A2F35A70600FC80D6 /* Project object */ = {
			isa = PBXProject;
			attributes = {
				BuildIndependentTargetsInParallel = 1;
				LastSwiftUpdateCheck = 2620;
				LastUpgradeCheck = 2620;
				TargetAttributes = {
					DC95A6312F35A70600FC80D6 = {
						CreatedOnToolsVersion = 26.2;
					};
					DC95A6432F35A70900FC80D6 = {
						CreatedOnToolsVersion = 26.2;
						TestTargetID = DC95A6312F35A70600FC80D6;
					};
					DC95A64D2F35A70900FC80D6 = {
						CreatedOnToolsVersion = 26.2;
						TestTargetID = DC95A6312F35A70600FC80D6;
					};
				};
			};
			buildConfigurationList = DC95A62D2F35A70600FC80D6 /* Build configuration list for PBXProject "EasyMeal" */;
			developmentRegion = en;
			hasScannedForEncodings = 0;
			knownRegions = (
				en,
				Base,
			);
			mainGroup = DC95A6292F35A70600FC80D6;
			minimizedProjectReferenceProxies = 1;
			packageReferences = (
				DC8185E82F3D8D4D00A5CA6E /* XCRemoteSwiftPackageReference "firebase-ios-sdk" */,
				DC115BF62F442B9600EEC6BC /* XCRemoteSwiftPackageReference "GoogleSignIn-iOS" */,
			);
			preferredProjectObjectVersion = 77;
			productRefGroup = DC95A6332F35A70600FC80D6 /* Products */;
			projectDirPath = "";
			projectRoot = "";
			targets = (
				DC95A6312F35A70600FC80D6 /* EasyMeal */,
				DC95A6432F35A70900FC80D6 /* EasyMealTests */,
				DC95A64D2F35A70900FC80D6 /* EasyMealUITests */,
			);
		};
/* End PBXProject section */

/* Begin PBXResourcesBuildPhase section */
		DC95A6302F35A70600FC80D6 /* Resources */ = {
			isa = PBXResourcesBuildPhase;
			buildActionMask = 2147483647;
			files = (
				DC81861A2F3D94CC00A5CA6E /* GoogleService-Info.plist in Resources */,
			);
			runOnlyForDeploymentPostprocessing = 0;
		};
		DC95A6422F35A70900FC80D6 /* Resources */ = {
			isa = PBXResourcesBuildPhase;
			buildActionMask = 2147483647;
			files = (
			);
			runOnlyForDeploymentPostprocessing = 0;
		};
		DC95A64C2F35A70900FC80D6 /* Resources */ = {
			isa = PBXResourcesBuildPhase;
			buildActionMask = 2147483647;
			files = (
			);
			runOnlyForDeploymentPostprocessing = 0;
		};
/* End PBXResourcesBuildPhase section */

/* Begin PBXSourcesBuildPhase section */
		DC95A62E2F35A70600FC80D6 /* Sources */ = {
			isa = PBXSourcesBuildPhase;
			buildActionMask = 2147483647;
			files = (
			);
			runOnlyForDeploymentPostprocessing = 0;
		};
		DC95A6402F35A70900FC80D6 /* Sources */ = {
			isa = PBXSourcesBuildPhase;
			buildActionMask = 2147483647;
			files = (
			);
			runOnlyForDeploymentPostprocessing = 0;
		};
		DC95A64A2F35A70900FC80D6 /* Sources */ = {
			isa = PBXSourcesBuildPhase;
			buildActionMask = 2147483647;
			files = (
			);
			runOnlyForDeploymentPostprocessing = 0;
		};
/* End PBXSourcesBuildPhase section */

/* Begin PBXTargetDependency section */
		DC95A6462F35A70900FC80D6 /* PBXTargetDependency */ = {
			isa = PBXTargetDependency;
			target = DC95A6312F35A70600FC80D6 /* EasyMeal */;
			targetProxy = DC95A6452F35A70900FC80D6 /* PBXContainerItemProxy */;
		};
		DC95A6502F35A70900FC80D6 /* PBXTargetDependency */ = {
			isa = PBXTargetDependency;
			target = DC95A6312F35A70600FC80D6 /* EasyMeal */;
			targetProxy = DC95A64F2F35A70900FC80D6 /* PBXContainerItemProxy */;
		};
/* End PBXTargetDependency section */

/* Begin XCBuildConfiguration section */
		DC95A6562F35A70900FC80D6 /* Debug */ = {
			isa = XCBuildConfiguration;
			buildSettings = {
				ALWAYS_SEARCH_USER_PATHS = NO;
				ASSETCATALOG_COMPILER_GENERATE_SWIFT_ASSET_SYMBOL_EXTENSIONS = YES;
				CLANG_ANALYZER_NONNULL = YES;
				CLANG_ANALYZER_NUMBER_OBJECT_CONVERSION = YES_AGGRESSIVE;
				CLANG_CXX_LANGUAGE_STANDARD = "gnu++20";
				CLANG_ENABLE_MODULES = YES;
				CLANG_ENABLE_OBJC_ARC = YES;
				CLANG_ENABLE_OBJC_WEAK = YES;
				CLANG_WARN_BLOCK_CAPTURE_AUTORELEASING = YES;
				CLANG_WARN_BOOL_CONVERSION = YES;
				CLANG_WARN_COMMA = YES;
				CLANG_WARN_CONSTANT_CONVERSION = YES;
				CLANG_WARN_DEPRECATED_OBJC_IMPLEMENTATIONS = YES;
				CLANG_WARN_DIRECT_OBJC_ISA_USAGE = YES_ERROR;
				CLANG_WARN_DOCUMENTATION_COMMENTS = YES;
				CLANG_WARN_EMPTY_BODY = YES;
				CLANG_WARN_ENUM_CONVERSION = YES;
				CLANG_WARN_INFINITE_RECURSION = YES;
				CLANG_WARN_INT_CONVERSION = YES;
				CLANG_WARN_NON_LITERAL_NULL_CONVERSION = YES;
				CLANG_WARN_OBJC_IMPLICIT_RETAIN_SELF = YES;
				CLANG_WARN_OBJC_LITERAL_CONVERSION = YES;
				CLANG_WARN_OBJC_ROOT_CLASS = YES_ERROR;
				CLANG_WARN_QUOTED_INCLUDE_IN_FRAMEWORK_HEADER = YES;
				CLANG_WARN_RANGE_LOOP_ANALYSIS = YES;
				CLANG_WARN_STRICT_PROTOTYPES = YES;
				CLANG_WARN_SUSPICIOUS_MOVE = YES;
				CLANG_WARN_UNGUARDED_AVAILABILITY = YES_AGGRESSIVE;
				CLANG_WARN_UNREACHABLE_CODE = YES;
				CLANG_WARN__DUPLICATE_METHOD_MATCH = YES;
				COPY_PHASE_STRIP = NO;
				DEBUG_INFORMATION_FORMAT = dwarf;
				DEVELOPMENT_TEAM = SB927AN2T5;
				ENABLE_STRICT_OBJC_MSGSEND = YES;
				ENABLE_TESTABILITY = YES;
				ENABLE_USER_SCRIPT_SANDBOXING = YES;
				GCC_C_LANGUAGE_STANDARD = gnu17;
				GCC_DYNAMIC_NO_PIC = NO;
				GCC_NO_COMMON_BLOCKS = YES;
				GCC_OPTIMIZATION_LEVEL = 0;
				GCC_PREPROCESSOR_DEFINITIONS = (
					"DEBUG=1",
					"$(inherited)",
				);
				GCC_WARN_64_TO_32_BIT_CONVERSION = YES;
				GCC_WARN_ABOUT_RETURN_TYPE = YES_ERROR;
				GCC_WARN_UNDECLARED_SELECTOR = YES;
				GCC_WARN_UNINITIALIZED_AUTOS = YES_AGGRESSIVE;
				GCC_WARN_UNUSED_FUNCTION = YES;
				GCC_WARN_UNUSED_VARIABLE = YES;
				LOCALIZATION_PREFERS_STRING_CATALOGS = YES;
				MTL_ENABLE_DEBUG_INFO = INCLUDE_SOURCE;
				MTL_FAST_MATH = YES;
				ONLY_ACTIVE_ARCH = YES;
				SWIFT_ACTIVE_COMPILATION_CONDITIONS = "DEBUG $(inherited)";
				SWIFT_OPTIMIZATION_LEVEL = "-Onone";
			};
			name = Debug;
		};
		DC95A6572F35A70900FC80D6 /* Release */ = {
			isa = XCBuildConfiguration;
			buildSettings = {
				ALWAYS_SEARCH_USER_PATHS = NO;
				ASSETCATALOG_COMPILER_GENERATE_SWIFT_ASSET_SYMBOL_EXTENSIONS = YES;
				CLANG_ANALYZER_NONNULL = YES;
				CLANG_ANALYZER_NUMBER_OBJECT_CONVERSION = YES_AGGRESSIVE;
				CLANG_CXX_LANGUAGE_STANDARD = "gnu++20";
				CLANG_ENABLE_MODULES = YES;
				CLANG_ENABLE_OBJC_ARC = YES;
				CLANG_ENABLE_OBJC_WEAK = YES;
				CLANG_WARN_BLOCK_CAPTURE_AUTORELEASING = YES;
				CLANG_WARN_BOOL_CONVERSION = YES;
				CLANG_WARN_COMMA = YES;
				CLANG_WARN_CONSTANT_CONVERSION = YES;
				CLANG_WARN_DEPRECATED_OBJC_IMPLEMENTATIONS = YES;
				CLANG_WARN_DIRECT_OBJC_ISA_USAGE = YES_ERROR;
				CLANG_WARN_DOCUMENTATION_COMMENTS = YES;
				CLANG_WARN_EMPTY_BODY = YES;
				CLANG_WARN_ENUM_CONVERSION = YES;
				CLANG_WARN_INFINITE_RECURSION = YES;
				CLANG_WARN_INT_CONVERSION = YES;
				CLANG_WARN_NON_LITERAL_NULL_CONVERSION = YES;
				CLANG_WARN_OBJC_IMPLICIT_RETAIN_SELF = YES;
				CLANG_WARN_OBJC_LITERAL_CONVERSION = YES;
				CLANG_WARN_OBJC_ROOT_CLASS = YES_ERROR;
				CLANG_WARN_QUOTED_INCLUDE_IN_FRAMEWORK_HEADER = YES;
				CLANG_WARN_RANGE_LOOP_ANALYSIS = YES;
				CLANG_WARN_STRICT_PROTOTYPES = YES;
				CLANG_WARN_SUSPICIOUS_MOVE = YES;
				CLANG_WARN_UNGUARDED_AVAILABILITY = YES_AGGRESSIVE;
				CLANG_WARN_UNREACHABLE_CODE = YES;
				CLANG_WARN__DUPLICATE_METHOD_MATCH = YES;
				COPY_PHASE_STRIP = NO;
				DEBUG_INFORMATION_FORMAT = "dwarf-with-dsym";
				DEVELOPMENT_TEAM = SB927AN2T5;
				ENABLE_NS_ASSERTIONS = NO;
				ENABLE_STRICT_OBJC_MSGSEND = YES;
				ENABLE_USER_SCRIPT_SANDBOXING = YES;
				GCC_C_LANGUAGE_STANDARD = gnu17;
				GCC_NO_COMMON_BLOCKS = YES;
				GCC_WARN_64_TO_32_BIT_CONVERSION = YES;
				GCC_WARN_ABOUT_RETURN_TYPE = YES_ERROR;
				GCC_WARN_UNDECLARED_SELECTOR = YES;
				GCC_WARN_UNINITIALIZED_AUTOS = YES_AGGRESSIVE;
				GCC_WARN_UNUSED_FUNCTION = YES;
				GCC_WARN_UNUSED_VARIABLE = YES;
				LOCALIZATION_PREFERS_STRING_CATALOGS = YES;
				MTL_ENABLE_DEBUG_INFO = NO;
				MTL_FAST_MATH = YES;
				SWIFT_COMPILATION_MODE = wholemodule;
			};
			name = Release;
		};
		DC95A6592F35A70900FC80D6 /* Debug */ = {
			isa = XCBuildConfiguration;
			buildSettings = {
				ASSETCATALOG_COMPILER_APPICON_NAME = AppIcon;
				ASSETCATALOG_COMPILER_GLOBAL_ACCENT_COLOR_NAME = AccentColor;
				CODE_SIGN_STYLE = Automatic;
				CURRENT_PROJECT_VERSION = 1;
				DEVELOPMENT_TEAM = SB927AN2T5;
				ENABLE_APP_SANDBOX = YES;
				ENABLE_HARDENED_RUNTIME = YES;
				ENABLE_PREVIEWS = YES;
				ENABLE_USER_SELECTED_FILES = readonly;
				GENERATE_INFOPLIST_FILE = YES;
				INFOPLIST_KEY_NSCalendarsUsageDescription = "Precisamos acessar seu calendário para salvar horários de disponibilidade dos comerciantes.";
				INFOPLIST_KEY_NSCameraUsageDescription = "Precisamos da câmera para escanear QR Codes e tirar fotos dos produtos.";
				INFOPLIST_KEY_NSLocationAlwaysAndWhenInUseUsageDescription = "Precisamos da sua localização para mostrar comerciantes próximos e guiá-lo até eles mesmo quando o app estiver em segundo plano.";
				INFOPLIST_KEY_NSLocationWhenInUseUsageDescription = "Precisamos da sua localização para mostrar comerciantes próximos e guiá-lo até eles.";
				INFOPLIST_KEY_NSPhotoLibraryAddUsageDescription = "Precisamos salvar fotos na sua galeria.";
				INFOPLIST_KEY_NSPhotoLibraryUsageDescription = "Precisamos acessar sua galeria para selecionar fotos dos produtos.";
				"INFOPLIST_KEY_UIApplicationSceneManifest_Generation[sdk=iphoneos*]" = YES;
				"INFOPLIST_KEY_UIApplicationSceneManifest_Generation[sdk=iphonesimulator*]" = YES;
				"INFOPLIST_KEY_UIApplicationSupportsIndirectInputEvents[sdk=iphoneos*]" = YES;
				"INFOPLIST_KEY_UIApplicationSupportsIndirectInputEvents[sdk=iphonesimulator*]" = YES;
				"INFOPLIST_KEY_UILaunchScreen_Generation[sdk=iphoneos*]" = YES;
				"INFOPLIST_KEY_UILaunchScreen_Generation[sdk=iphonesimulator*]" = YES;
				"INFOPLIST_KEY_UIStatusBarStyle[sdk=iphoneos*]" = UIStatusBarStyleDefault;
				"INFOPLIST_KEY_UIStatusBarStyle[sdk=iphonesimulator*]" = UIStatusBarStyleDefault;
				INFOPLIST_KEY_UISupportedInterfaceOrientations_iPad = "UIInterfaceOrientationPortrait UIInterfaceOrientationPortraitUpsideDown UIInterfaceOrientationLandscapeLeft UIInterfaceOrientationLandscapeRight";
				INFOPLIST_KEY_UISupportedInterfaceOrientations_iPhone = "UIInterfaceOrientationPortrait UIInterfaceOrientationLandscapeLeft UIInterfaceOrientationLandscapeRight";
				IPHONEOS_DEPLOYMENT_TARGET = 26.2;
				LD_RUNPATH_SEARCH_PATHS = "@executable_path/Frameworks";
				"LD_RUNPATH_SEARCH_PATHS[sdk=macosx*]" = "@executable_path/../Frameworks";
				MACOSX_DEPLOYMENT_TARGET = 26.2;
				MARKETING_VERSION = 1.0;
				PRODUCT_BUNDLE_IDENTIFIER = com.EM.EasyMeal;
				PRODUCT_NAME = "$(TARGET_NAME)";
				REGISTER_APP_GROUPS = YES;
				SDKROOT = auto;
				STRING_CATALOG_GENERATE_SYMBOLS = YES;
				SUPPORTED_PLATFORMS = "iphoneos iphonesimulator macosx xros xrsimulator";
				SWIFT_APPROACHABLE_CONCURRENCY = YES;
				SWIFT_DEFAULT_ACTOR_ISOLATION = MainActor;
				SWIFT_EMIT_LOC_STRINGS = YES;
				SWIFT_UPCOMING_FEATURE_MEMBER_IMPORT_VISIBILITY = YES;
				SWIFT_VERSION = 5.0;
				TARGETED_DEVICE_FAMILY = "1,2,7";
				XROS_DEPLOYMENT_TARGET = 26.2;
			};
			name = Debug;
		};
		DC95A65A2F35A70900FC80D6 /* Release */ = {
			isa = XCBuildConfiguration;
			buildSettings = {
				ASSETCATALOG_COMPILER_APPICON_NAME = AppIcon;
				ASSETCATALOG_COMPILER_GLOBAL_ACCENT_COLOR_NAME = AccentColor;
				CODE_SIGN_STYLE = Automatic;
				CURRENT_PROJECT_VERSION = 1;
				DEVELOPMENT_TEAM = SB927AN2T5;
				ENABLE_APP_SANDBOX = YES;
				ENABLE_HARDENED_RUNTIME = YES;
				ENABLE_PREVIEWS = YES;
				ENABLE_USER_SELECTED_FILES = readonly;
				GENERATE_INFOPLIST_FILE = YES;
				INFOPLIST_KEY_NSCalendarsUsageDescription = "Precisamos acessar seu calendário para salvar horários de disponibilidade dos comerciantes.";
				INFOPLIST_KEY_NSCameraUsageDescription = "Precisamos da câmera para escanear QR Codes e tirar fotos dos produtos.";
				INFOPLIST_KEY_NSLocationAlwaysAndWhenInUseUsageDescription = "Precisamos da sua localização para mostrar comerciantes próximos e guiá-lo até eles mesmo quando o app estiver em segundo plano.";
				INFOPLIST_KEY_NSLocationWhenInUseUsageDescription = "Precisamos da sua localização para mostrar comerciantes próximos e guiá-lo até eles.";
				INFOPLIST_KEY_NSPhotoLibraryAddUsageDescription = "Precisamos salvar fotos na sua galeria.";
				INFOPLIST_KEY_NSPhotoLibraryUsageDescription = "Precisamos acessar sua galeria para selecionar fotos dos produtos.";
				"INFOPLIST_KEY_UIApplicationSceneManifest_Generation[sdk=iphoneos*]" = YES;
				"INFOPLIST_KEY_UIApplicationSceneManifest_Generation[sdk=iphonesimulator*]" = YES;
				"INFOPLIST_KEY_UIApplicationSupportsIndirectInputEvents[sdk=iphoneos*]" = YES;
				"INFOPLIST_KEY_UIApplicationSupportsIndirectInputEvents[sdk=iphonesimulator*]" = YES;
				"INFOPLIST_KEY_UILaunchScreen_Generation[sdk=iphoneos*]" = YES;
				"INFOPLIST_KEY_UILaunchScreen_Generation[sdk=iphonesimulator*]" = YES;
				"INFOPLIST_KEY_UIStatusBarStyle[sdk=iphoneos*]" = UIStatusBarStyleDefault;
				"INFOPLIST_KEY_UIStatusBarStyle[sdk=iphonesimulator*]" = UIStatusBarStyleDefault;
				INFOPLIST_KEY_UISupportedInterfaceOrientations_iPad = "UIInterfaceOrientationPortrait UIInterfaceOrientationPortraitUpsideDown UIInterfaceOrientationLandscapeLeft UIInterfaceOrientationLandscapeRight";
				INFOPLIST_KEY_UISupportedInterfaceOrientations_iPhone = "UIInterfaceOrientationPortrait UIInterfaceOrientationLandscapeLeft UIInterfaceOrientationLandscapeRight";
				IPHONEOS_DEPLOYMENT_TARGET = 26.2;
				LD_RUNPATH_SEARCH_PATHS = "@executable_path/Frameworks";
				"LD_RUNPATH_SEARCH_PATHS[sdk=macosx*]" = "@executable_path/../Frameworks";
				MACOSX_DEPLOYMENT_TARGET = 26.2;
				MARKETING_VERSION = 1.0;
				PRODUCT_BUNDLE_IDENTIFIER = com.EM.EasyMeal;
				PRODUCT_NAME = "$(TARGET_NAME)";
				REGISTER_APP_GROUPS = YES;
				SDKROOT = auto;
				STRING_CATALOG_GENERATE_SYMBOLS = YES;
				SUPPORTED_PLATFORMS = "iphoneos iphonesimulator macosx xros xrsimulator";
				SWIFT_APPROACHABLE_CONCURRENCY = YES;
				SWIFT_DEFAULT_ACTOR_ISOLATION = MainActor;
				SWIFT_EMIT_LOC_STRINGS = YES;
				SWIFT_UPCOMING_FEATURE_MEMBER_IMPORT_VISIBILITY = YES;
				SWIFT_VERSION = 5.0;
				TARGETED_DEVICE_FAMILY = "1,2,7";
				XROS_DEPLOYMENT_TARGET = 26.2;
			};
			name = Release;
		};
		DC95A65C2F35A70900FC80D6 /* Debug */ = {
			isa = XCBuildConfiguration;
			buildSettings = {
				BUNDLE_LOADER = "$(TEST_HOST)";
				CODE_SIGN_STYLE = Automatic;
				CURRENT_PROJECT_VERSION = 1;
				DEVELOPMENT_TEAM = SB927AN2T5;
				GENERATE_INFOPLIST_FILE = YES;
				IPHONEOS_DEPLOYMENT_TARGET = 26.2;
				MACOSX_DEPLOYMENT_TARGET = 26.2;
				MARKETING_VERSION = 1.0;
				PRODUCT_BUNDLE_IDENTIFIER = com.EM.EasyMealTests;
				PRODUCT_NAME = "$(TARGET_NAME)";
				SDKROOT = auto;
				STRING_CATALOG_GENERATE_SYMBOLS = NO;
				SUPPORTED_PLATFORMS = "iphoneos iphonesimulator macosx xros xrsimulator";
				SWIFT_APPROACHABLE_CONCURRENCY = YES;
				SWIFT_EMIT_LOC_STRINGS = NO;
				SWIFT_UPCOMING_FEATURE_MEMBER_IMPORT_VISIBILITY = YES;
				SWIFT_VERSION = 5.0;
				TARGETED_DEVICE_FAMILY = "1,2,7";
				TEST_HOST = "$(BUILT_PRODUCTS_DIR)/EasyMeal.app/$(BUNDLE_EXECUTABLE_FOLDER_PATH)/EasyMeal";
				XROS_DEPLOYMENT_TARGET = 26.2;
			};
			name = Debug;
		};
		DC95A65D2F35A70900FC80D6 /* Release */ = {
			isa = XCBuildConfiguration;
			buildSettings = {
				BUNDLE_LOADER = "$(TEST_HOST)";
				CODE_SIGN_STYLE = Automatic;
				CURRENT_PROJECT_VERSION = 1;
				DEVELOPMENT_TEAM = SB927AN2T5;
				GENERATE_INFOPLIST_FILE = YES;
				IPHONEOS_DEPLOYMENT_TARGET = 26.2;
				MACOSX_DEPLOYMENT_TARGET = 26.2;
				MARKETING_VERSION = 1.0;
				PRODUCT_BUNDLE_IDENTIFIER = com.EM.EasyMealTests;
				PRODUCT_NAME = "$(TARGET_NAME)";
				SDKROOT = auto;
				STRING_CATALOG_GENERATE_SYMBOLS = NO;
				SUPPORTED_PLATFORMS = "iphoneos iphonesimulator macosx xros xrsimulator";
				SWIFT_APPROACHABLE_CONCURRENCY = YES;
				SWIFT_EMIT_LOC_STRINGS = NO;
				SWIFT_UPCOMING_FEATURE_MEMBER_IMPORT_VISIBILITY = YES;
				SWIFT_VERSION = 5.0;
				TARGETED_DEVICE_FAMILY = "1,2,7";
				TEST_HOST = "$(BUILT_PRODUCTS_DIR)/EasyMeal.app/$(BUNDLE_EXECUTABLE_FOLDER_PATH)/EasyMeal";
				XROS_DEPLOYMENT_TARGET = 26.2;
			};
			name = Release;
		};
		DC95A65F2F35A70900FC80D6 /* Debug */ = {
			isa = XCBuildConfiguration;
			buildSettings = {
				CODE_SIGN_STYLE = Automatic;
				CURRENT_PROJECT_VERSION = 1;
				DEVELOPMENT_TEAM = SB927AN2T5;
				GENERATE_INFOPLIST_FILE = YES;
				IPHONEOS_DEPLOYMENT_TARGET = 26.2;
				MACOSX_DEPLOYMENT_TARGET = 26.2;
				MARKETING_VERSION = 1.0;
				PRODUCT_BUNDLE_IDENTIFIER = com.EM.EasyMealUITests;
				PRODUCT_NAME = "$(TARGET_NAME)";
				SDKROOT = auto;
				STRING_CATALOG_GENERATE_SYMBOLS = NO;
				SUPPORTED_PLATFORMS = "iphoneos iphonesimulator macosx xros xrsimulator";
				SWIFT_APPROACHABLE_CONCURRENCY = YES;
				SWIFT_EMIT_LOC_STRINGS = NO;
				SWIFT_UPCOMING_FEATURE_MEMBER_IMPORT_VISIBILITY = YES;
				SWIFT_VERSION = 5.0;
				TARGETED_DEVICE_FAMILY = "1,2,7";
				TEST_TARGET_NAME = EasyMeal;
				XROS_DEPLOYMENT_TARGET = 26.2;
			};
			name = Debug;
		};
		DC95A6602F35A70900FC80D6 /* Release */ = {
			isa = XCBuildConfiguration;
			buildSettings = {
				CODE_SIGN_STYLE = Automatic;
				CURRENT_PROJECT_VERSION = 1;
				DEVELOPMENT_TEAM = SB927AN2T5;
				GENERATE_INFOPLIST_FILE = YES;
				IPHONEOS_DEPLOYMENT_TARGET = 26.2;
				MACOSX_DEPLOYMENT_TARGET = 26.2;
				MARKETING_VERSION = 1.0;
				PRODUCT_BUNDLE_IDENTIFIER = com.EM.EasyMealUITests;
				PRODUCT_NAME = "$(TARGET_NAME)";
				SDKROOT = auto;
				STRING_CATALOG_GENERATE_SYMBOLS = NO;
				SUPPORTED_PLATFORMS = "iphoneos iphonesimulator macosx xros xrsimulator";
				SWIFT_APPROACHABLE_CONCURRENCY = YES;
				SWIFT_EMIT_LOC_STRINGS = NO;
				SWIFT_UPCOMING_FEATURE_MEMBER_IMPORT_VISIBILITY = YES;
				SWIFT_VERSION = 5.0;
				TARGETED_DEVICE_FAMILY = "1,2,7";
				TEST_TARGET_NAME = EasyMeal;
				XROS_DEPLOYMENT_TARGET = 26.2;
			};
			name = Release;
		};
/* End XCBuildConfiguration section */

/* Begin XCConfigurationList section */
		DC95A62D2F35A70600FC80D6 /* Build configuration list for PBXProject "EasyMeal" */ = {
			isa = XCConfigurationList;
			buildConfigurations = (
				DC95A6562F35A70900FC80D6 /* Debug */,
				DC95A6572F35A70900FC80D6 /* Release */,
			);
			defaultConfigurationIsVisible = 0;
			defaultConfigurationName = Release;
		};
		DC95A6582F35A70900FC80D6 /* Build configuration list for PBXNativeTarget "EasyMeal" */ = {
			isa = XCConfigurationList;
			buildConfigurations = (
				DC95A6592F35A70900FC80D6 /* Debug */,
				DC95A65A2F35A70900FC80D6 /* Release */,
			);
			defaultConfigurationIsVisible = 0;
			defaultConfigurationName = Release;
		};
		DC95A65B2F35A70900FC80D6 /* Build configuration list for PBXNativeTarget "EasyMealTests" */ = {
			isa = XCConfigurationList;
			buildConfigurations = (
				DC95A65C2F35A70900FC80D6 /* Debug */,
				DC95A65D2F35A70900FC80D6 /* Release */,
			);
			defaultConfigurationIsVisible = 0;
			defaultConfigurationName = Release;
		};
		DC95A65E2F35A70900FC80D6 /* Build configuration list for PBXNativeTarget "EasyMealUITests" */ = {
			isa = XCConfigurationList;
			buildConfigurations = (
				DC95A65F2F35A70900FC80D6 /* Debug */,
				DC95A6602F35A70900FC80D6 /* Release */,
			);
			defaultConfigurationIsVisible = 0;
			defaultConfigurationName = Release;
		};
/* End XCConfigurationList section */

/* Begin XCRemoteSwiftPackageReference section */
		DC115BF62F442B9600EEC6BC /* XCRemoteSwiftPackageReference "GoogleSignIn-iOS" */ = {
			isa = XCRemoteSwiftPackageReference;
			repositoryURL = "https://github.com/google/GoogleSignIn-iOS";
			requirement = {
				kind = upToNextMajorVersion;
				minimumVersion = 9.1.0;
			};
		};
		DC8185E82F3D8D4D00A5CA6E /* XCRemoteSwiftPackageReference "firebase-ios-sdk" */ = {
			isa = XCRemoteSwiftPackageReference;
			repositoryURL = "https://github.com/firebase/firebase-ios-sdk.git";
			requirement = {
				kind = upToNextMajorVersion;
				minimumVersion = 12.9.0;
			};
		};
/* End XCRemoteSwiftPackageReference section */

/* Begin XCSwiftPackageProductDependency section */
		DC115BF72F442B9600EEC6BC /* GoogleSignIn */ = {
			isa = XCSwiftPackageProductDependency;
			package = DC115BF62F442B9600EEC6BC /* XCRemoteSwiftPackageReference "GoogleSignIn-iOS" */;
			productName = GoogleSignIn;
		};
		DC115BF92F442B9600EEC6BC /* GoogleSignInSwift */ = {
			isa = XCSwiftPackageProductDependency;
			package = DC115BF62F442B9600EEC6BC /* XCRemoteSwiftPackageReference "GoogleSignIn-iOS" */;
			productName = GoogleSignInSwift;
		};
		DC8185E92F3D8D4D00A5CA6E /* FirebaseAI */ = {
			isa = XCSwiftPackageProductDependency;
			package = DC8185E82F3D8D4D00A5CA6E /* XCRemoteSwiftPackageReference "firebase-ios-sdk" */;
			productName = FirebaseAI;
		};
		DC8185EB2F3D8D4D00A5CA6E /* FirebaseAILogic */ = {
			isa = XCSwiftPackageProductDependency;
			package = DC8185E82F3D8D4D00A5CA6E /* XCRemoteSwiftPackageReference "firebase-ios-sdk" */;
			productName = FirebaseAILogic;
		};
		DC8185ED2F3D8D4D00A5CA6E /* FirebaseAnalytics */ = {
			isa = XCSwiftPackageProductDependency;
			package = DC8185E82F3D8D4D00A5CA6E /* XCRemoteSwiftPackageReference "firebase-ios-sdk" */;
			productName = FirebaseAnalytics;
		};
		DC8185EF2F3D8D4D00A5CA6E /* FirebaseAnalyticsCore */ = {
			isa = XCSwiftPackageProductDependency;
			package = DC8185E82F3D8D4D00A5CA6E /* XCRemoteSwiftPackageReference "firebase-ios-sdk" */;
			productName = FirebaseAnalyticsCore;
		};
		DC8185F12F3D8D4D00A5CA6E /* FirebaseAnalyticsIdentitySupport */ = {
			isa = XCSwiftPackageProductDependency;
			package = DC8185E82F3D8D4D00A5CA6E /* XCRemoteSwiftPackageReference "firebase-ios-sdk" */;
			productName = FirebaseAnalyticsIdentitySupport;
		};
		DC8185F32F3D8D4D00A5CA6E /* FirebaseAppCheck */ = {
			isa = XCSwiftPackageProductDependency;
			package = DC8185E82F3D8D4D00A5CA6E /* XCRemoteSwiftPackageReference "firebase-ios-sdk" */;
			productName = FirebaseAppCheck;
		};
		DC8185F52F3D8D4D00A5CA6E /* FirebaseAppDistribution-Beta */ = {
			isa = XCSwiftPackageProductDependency;
			package = DC8185E82F3D8D4D00A5CA6E /* XCRemoteSwiftPackageReference "firebase-ios-sdk" */;
			productName = "FirebaseAppDistribution-Beta";
		};
		DC8185F72F3D8D4D00A5CA6E /* FirebaseAuth */ = {
			isa = XCSwiftPackageProductDependency;
			package = DC8185E82F3D8D4D00A5CA6E /* XCRemoteSwiftPackageReference "firebase-ios-sdk" */;
			productName = FirebaseAuth;
		};
		DC8185F92F3D8D4D00A5CA6E /* FirebaseAuthCombine-Community */ = {
			isa = XCSwiftPackageProductDependency;
			package = DC8185E82F3D8D4D00A5CA6E /* XCRemoteSwiftPackageReference "firebase-ios-sdk" */;
			productName = "FirebaseAuthCombine-Community";
		};
		DC8185FB2F3D8D4D00A5CA6E /* FirebaseCore */ = {
			isa = XCSwiftPackageProductDependency;
			package = DC8185E82F3D8D4D00A5CA6E /* XCRemoteSwiftPackageReference "firebase-ios-sdk" */;
			productName = FirebaseCore;
		};
		DC8185FD2F3D8D4D00A5CA6E /* FirebaseCrashlytics */ = {
			isa = XCSwiftPackageProductDependency;
			package = DC8185E82F3D8D4D00A5CA6E /* XCRemoteSwiftPackageReference "firebase-ios-sdk" */;
			productName = FirebaseCrashlytics;
		};
		DC8185FF2F3D8D4D00A5CA6E /* FirebaseDatabase */ = {
			isa = XCSwiftPackageProductDependency;
			package = DC8185E82F3D8D4D00A5CA6E /* XCRemoteSwiftPackageReference "firebase-ios-sdk" */;
			productName = FirebaseDatabase;
		};
		DC8186012F3D8D4D00A5CA6E /* FirebaseFirestore */ = {
			isa = XCSwiftPackageProductDependency;
			package = DC8185E82F3D8D4D00A5CA6E /* XCRemoteSwiftPackageReference "firebase-ios-sdk" */;
			productName = FirebaseFirestore;
		};
		DC8186032F3D8D4D00A5CA6E /* FirebaseFirestoreCombine-Community */ = {
			isa = XCSwiftPackageProductDependency;
			package = DC8185E82F3D8D4D00A5CA6E /* XCRemoteSwiftPackageReference "firebase-ios-sdk" */;
			productName = "FirebaseFirestoreCombine-Community";
		};
		DC8186052F3D8D4D00A5CA6E /* FirebaseFunctions */ = {
			isa = XCSwiftPackageProductDependency;
			package = DC8185E82F3D8D4D00A5CA6E /* XCRemoteSwiftPackageReference "firebase-ios-sdk" */;
			productName = FirebaseFunctions;
		};
		DC8186072F3D8D4D00A5CA6E /* FirebaseFunctionsCombine-Community */ = {
			isa = XCSwiftPackageProductDependency;
			package = DC8185E82F3D8D4D00A5CA6E /* XCRemoteSwiftPackageReference "firebase-ios-sdk" */;
			productName = "FirebaseFunctionsCombine-Community";
		};
		DC8186092F3D8D4D00A5CA6E /* FirebaseInAppMessaging-Beta */ = {
			isa = XCSwiftPackageProductDependency;
			package = DC8185E82F3D8D4D00A5CA6E /* XCRemoteSwiftPackageReference "firebase-ios-sdk" */;
			productName = "FirebaseInAppMessaging-Beta";
		};
		DC81860B2F3D8D4D00A5CA6E /* FirebaseInstallations */ = {
			isa = XCSwiftPackageProductDependency;
			package = DC8185E82F3D8D4D00A5CA6E /* XCRemoteSwiftPackageReference "firebase-ios-sdk" */;
			productName = FirebaseInstallations;
		};
		DC81860D2F3D8D4D00A5CA6E /* FirebaseMLModelDownloader */ = {
			isa = XCSwiftPackageProductDependency;
			package = DC8185E82F3D8D4D00A5CA6E /* XCRemoteSwiftPackageReference "firebase-ios-sdk" */;
			productName = FirebaseMLModelDownloader;
		};
		DC81860F2F3D8D4D00A5CA6E /* FirebaseMessaging */ = {
			isa = XCSwiftPackageProductDependency;
			package = DC8185E82F3D8D4D00A5CA6E /* XCRemoteSwiftPackageReference "firebase-ios-sdk" */;
			productName = FirebaseMessaging;
		};
		DC8186112F3D8D4D00A5CA6E /* FirebasePerformance */ = {
			isa = XCSwiftPackageProductDependency;
			package = DC8185E82F3D8D4D00A5CA6E /* XCRemoteSwiftPackageReference "firebase-ios-sdk" */;
			productName = FirebasePerformance;
		};
		DC8186132F3D8D4D00A5CA6E /* FirebaseRemoteConfig */ = {
			isa = XCSwiftPackageProductDependency;
			package = DC8185E82F3D8D4D00A5CA6E /* XCRemoteSwiftPackageReference "firebase-ios-sdk" */;
			productName = FirebaseRemoteConfig;
		};
		DC8186152F3D8D4D00A5CA6E /* FirebaseStorage */ = {
			isa = XCSwiftPackageProductDependency;
			package = DC8185E82F3D8D4D00A5CA6E /* XCRemoteSwiftPackageReference "firebase-ios-sdk" */;
			productName = FirebaseStorage;
		};
		DC8186172F3D8D4D00A5CA6E /* FirebaseStorageCombine-Community */ = {
			isa = XCSwiftPackageProductDependency;
			package = DC8185E82F3D8D4D00A5CA6E /* XCRemoteSwiftPackageReference "firebase-ios-sdk" */;
			productName = "FirebaseStorageCombine-Community";
		};
/* End XCSwiftPackageProductDependency section */
	};
	rootObject = DC95A62A2F35A70600FC80D6 /* Project object */;
}
